
Microsoft Visual Studio Solution File, Format Version 12.00
# Visual Studio 14
VisualStudioVersion = 14.0.25420.1
MinimumVisualStudioVersion = 10.0.40219.1
Project("{FAE04EC0-301F-11D3-BF4B-00C04F79EFBC}") = "ConsoleView", "ConsoleView\ConsoleView.csproj", "{990D54A5-D2E9-4AE5-8F71-5D97D98D319E}"
EndProject
Project("{FAE04EC0-301F-11D3-BF4B-00C04F79EFBC}") = "Modelos", "Modelos\Modelos.csproj", "{01AF2EE0-497C-4E52-88A4-F3E960BEB246}"
EndProject
Project("{FAE04EC0-301F-11D3-BF4B-00C04F79EFBC}") = "Controllers", "Controllers\Controllers.csproj", "{E8D2AF5B-92BA-47C1-A160-C0D7AAD2275E}"
EndProject
Project("{FAE04EC0-301F-11D3-BF4B-00C04F79EFBC}") = "WindowsFormsView", "WindowsFormsView\WindowsFormsView.csproj", "{07134BA1-3D19-4432-81DA-92DB1F7A1CFA}"
EndProject
Global
	GlobalSection(SolutionConfigurationPlatforms) = preSolution
		Debug|Any CPU = Debug|Any CPU
		Release|Any CPU = Release|Any CPU
	EndGlobalSection
	GlobalSection(ProjectConfigurationPlatforms) = postSolution
		{990D54A5-D2E9-4AE5-8F71-5D97D98D319E}.Debug|Any CPU.ActiveCfg = Debug|Any CPU
		{990D54A5-D2E9-4AE5-8F71-5D97D98D319E}.Debug|Any CPU.Build.0 = Debug|Any CPU
		{990D54A5-D2E9-4AE5-8F71-5D97D98D319E}.Release|Any CPU.ActiveCfg = Release|Any CPU
		{990D54A5-D2E9-4AE5-8F71-5D97D98D319E}.Release|Any CPU.Build.0 = Release|Any CPU
		{01AF2EE0-497C-4E52-88A4-F3E960BEB246}.Debug|Any CPU.ActiveCfg = Debug|Any CPU
		{01AF2EE0-497C-4E52-88A4-F3E960BEB246}.Debug|Any CPU.Build.0 = Debug|Any CPU
		{01AF2EE0-497C-4E52-88A4-F3E960BEB246}.Release|Any CPU.ActiveCfg = Release|Any CPU
		{01AF2EE0-497C-4E52-88A4-F3E960BEB246}.Release|Any CPU.Build.0 = Release|Any CPU
		{E8D2AF5B-92BA-47C1-A160-C0D7AAD2275E}.Debug|Any CPU.ActiveCfg = Debug|Any CPU
		{E8D2AF5B-92BA-47C1-A160-C0D7AAD2275E}.Debug|Any CPU.Build.0 = Debug|Any CPU
		{E8D2AF5B-92BA-47C1-A160-C0D7AAD2275E}.Release|Any CPU.ActiveCfg = Release|Any CPU
		{E8D2AF5B-92BA-47C1-A160-C0D7AAD2275E}.Release|Any CPU.Build.0 = Release|Any CPU
		{07134BA1-3D19-4432-81DA-92DB1F7A1CFA}.Debug|Any CPU.ActiveCfg = Debug|Any CPU
		{07134BA1-3D19-4432-81DA-92DB1F7A1CFA}.Debug|Any CPU.Build.0 = Debug|Any CPU
		{07134BA1-3D19-4432-81DA-92DB1F7A1CFA}.Release|Any CPU.ActiveCfg = Release|Any CPU
		{07134BA1-3D19-4432-81DA-92DB1F7A1CFA}.Release|Any CPU.Build.0 = Release|Any CPU
	EndGlobalSection
	GlobalSection(SolutionProperties) = preSolution
		HideSolutionNode = FALSE
	EndGlobalSection
EndGlobal
