
Microsoft Visual Studio Solution File, Format Version 12.00
# Visual Studio 14
VisualStudioVersion = 14.0.25420.1
MinimumVisualStudioVersion = 10.0.40219.1
Project("{FAE04EC0-301F-11D3-BF4B-00C04F79EFBC}") = "Modelos", "Modelos\Modelos.csproj", "{37AA6D61-6025-485C-B264-E336C700662D}"
EndProject
Project("{FAE04EC0-301F-11D3-BF4B-00C04F79EFBC}") = "ConsoleView", "ConsoleView\ConsoleView.csproj", "{0DEEB723-9F84-4049-88A2-BD8CC5D1C549}"
EndProject
Project("{FAE04EC0-301F-11D3-BF4B-00C04F79EFBC}") = "Controllers", "Controllers\Controllers.csproj", "{9D9AEB04-A80C-4123-AFB6-F19F32A14EC9}"
EndProject
Global
	GlobalSection(SolutionConfigurationPlatforms) = preSolution
		Debug|Any CPU = Debug|Any CPU
		Release|Any CPU = Release|Any CPU
	EndGlobalSection
	GlobalSection(ProjectConfigurationPlatforms) = postSolution
		{37AA6D61-6025-485C-B264-E336C700662D}.Debug|Any CPU.ActiveCfg = Debug|Any CPU
		{37AA6D61-6025-485C-B264-E336C700662D}.Debug|Any CPU.Build.0 = Debug|Any CPU
		{37AA6D61-6025-485C-B264-E336C700662D}.Release|Any CPU.ActiveCfg = Release|Any CPU
		{37AA6D61-6025-485C-B264-E336C700662D}.Release|Any CPU.Build.0 = Release|Any CPU
		{0DEEB723-9F84-4049-88A2-BD8CC5D1C549}.Debug|Any CPU.ActiveCfg = Debug|Any CPU
		{0DEEB723-9F84-4049-88A2-BD8CC5D1C549}.Debug|Any CPU.Build.0 = Debug|Any CPU
		{0DEEB723-9F84-4049-88A2-BD8CC5D1C549}.Release|Any CPU.ActiveCfg = Release|Any CPU
		{0DEEB723-9F84-4049-88A2-BD8CC5D1C549}.Release|Any CPU.Build.0 = Release|Any CPU
		{9D9AEB04-A80C-4123-AFB6-F19F32A14EC9}.Debug|Any CPU.ActiveCfg = Debug|Any CPU
		{9D9AEB04-A80C-4123-AFB6-F19F32A14EC9}.Debug|Any CPU.Build.0 = Debug|Any CPU
		{9D9AEB04-A80C-4123-AFB6-F19F32A14EC9}.Release|Any CPU.ActiveCfg = Release|Any CPU
		{9D9AEB04-A80C-4123-AFB6-F19F32A14EC9}.Release|Any CPU.Build.0 = Release|Any CPU
	EndGlobalSection
	GlobalSection(SolutionProperties) = preSolution
		HideSolutionNode = FALSE
	EndGlobalSection
EndGlobal
