
Microsoft Visual Studio Solution File, Format Version 12.00
# Visual Studio 15
VisualStudioVersion = 15.0.27130.2010
MinimumVisualStudioVersion = 10.0.40219.1
Project("{FAE04EC0-301F-11D3-BF4B-00C04F79EFBC}") = "Aula3107_Console", "Aula3107_Console\Aula3107_Console.csproj", "{9132AFFA-B972-42FD-8648-653FA28933DD}"
EndProject
Project("{FAE04EC0-301F-11D3-BF4B-00C04F79EFBC}") = "Aula0208_POO", "Aula0208_POO\Aula0208_POO.csproj", "{B957E5CD-390F-4A3F-BB6F-60985FA2E48B}"
EndProject
Project("{FAE04EC0-301F-11D3-BF4B-00C04F79EFBC}") = "Aula0708_WPF", "Aula0708_WPF\Aula0708_WPF.csproj", "{E6F903AB-5E9C-4691-9CE8-28C636537C8B}"
EndProject
Project("{FAE04EC0-301F-11D3-BF4B-00C04F79EFBC}") = "CalculadoraWPF", "CalculadoraWPF\CalculadoraWPF.csproj", "{247500F9-B592-4B55-81D4-D9A019B9B716}"
EndProject
Project("{FAE04EC0-301F-11D3-BF4B-00C04F79EFBC}") = "Aula1408_EntityFramework1", "Aula1408_EntityFramework1\Aula1408_EntityFramework1.csproj", "{269CB91C-3624-489A-939C-31624EC1BB6B}"
EndProject
Global
	GlobalSection(SolutionConfigurationPlatforms) = preSolution
		Debug|Any CPU = Debug|Any CPU
		Release|Any CPU = Release|Any CPU
	EndGlobalSection
	GlobalSection(ProjectConfigurationPlatforms) = postSolution
		{9132AFFA-B972-42FD-8648-653FA28933DD}.Debug|Any CPU.ActiveCfg = Debug|Any CPU
		{9132AFFA-B972-42FD-8648-653FA28933DD}.Debug|Any CPU.Build.0 = Debug|Any CPU
		{9132AFFA-B972-42FD-8648-653FA28933DD}.Release|Any CPU.ActiveCfg = Release|Any CPU
		{9132AFFA-B972-42FD-8648-653FA28933DD}.Release|Any CPU.Build.0 = Release|Any CPU
		{B957E5CD-390F-4A3F-BB6F-60985FA2E48B}.Debug|Any CPU.ActiveCfg = Debug|Any CPU
		{B957E5CD-390F-4A3F-BB6F-60985FA2E48B}.Debug|Any CPU.Build.0 = Debug|Any CPU
		{B957E5CD-390F-4A3F-BB6F-60985FA2E48B}.Release|Any CPU.ActiveCfg = Release|Any CPU
		{B957E5CD-390F-4A3F-BB6F-60985FA2E48B}.Release|Any CPU.Build.0 = Release|Any CPU
		{E6F903AB-5E9C-4691-9CE8-28C636537C8B}.Debug|Any CPU.ActiveCfg = Debug|Any CPU
		{E6F903AB-5E9C-4691-9CE8-28C636537C8B}.Debug|Any CPU.Build.0 = Debug|Any CPU
		{E6F903AB-5E9C-4691-9CE8-28C636537C8B}.Release|Any CPU.ActiveCfg = Release|Any CPU
		{E6F903AB-5E9C-4691-9CE8-28C636537C8B}.Release|Any CPU.Build.0 = Release|Any CPU
		{247500F9-B592-4B55-81D4-D9A019B9B716}.Debug|Any CPU.ActiveCfg = Debug|Any CPU
		{247500F9-B592-4B55-81D4-D9A019B9B716}.Debug|Any CPU.Build.0 = Debug|Any CPU
		{247500F9-B592-4B55-81D4-D9A019B9B716}.Release|Any CPU.ActiveCfg = Release|Any CPU
		{247500F9-B592-4B55-81D4-D9A019B9B716}.Release|Any CPU.Build.0 = Release|Any CPU
		{269CB91C-3624-489A-939C-31624EC1BB6B}.Debug|Any CPU.ActiveCfg = Debug|Any CPU
		{269CB91C-3624-489A-939C-31624EC1BB6B}.Debug|Any CPU.Build.0 = Debug|Any CPU
		{269CB91C-3624-489A-939C-31624EC1BB6B}.Release|Any CPU.ActiveCfg = Release|Any CPU
		{269CB91C-3624-489A-939C-31624EC1BB6B}.Release|Any CPU.Build.0 = Release|Any CPU
	EndGlobalSection
	GlobalSection(SolutionProperties) = preSolution
		HideSolutionNode = FALSE
	EndGlobalSection
	GlobalSection(ExtensibilityGlobals) = postSolution
		SolutionGuid = {8BE6F663-E3CB-405A-9374-2F9952D55E10}
	EndGlobalSection
EndGlobal
