
Microsoft Visual Studio Solution File, Format Version 12.00
# Visual Studio 15
VisualStudioVersion = 15.0.27130.2010
MinimumVisualStudioVersion = 10.0.40219.1
Project("{FAE04EC0-301F-11D3-BF4B-00C04F79EFBC}") = "Aula3107_Console", "Aula3107_Console\Aula3107_Console.csproj", "{9132AFFA-B972-42FD-8648-653FA28933DD}"
EndProject
Project("{FAE04EC0-301F-11D3-BF4B-00C04F79EFBC}") = "Aula0208_POO", "Aula0208_POO\Aula0208_POO.csproj", "{B957E5CD-390F-4A3F-BB6F-60985FA2E48B}"
EndProject
Global
	GlobalSection(SolutionConfigurationPlatforms) = preSolution
		Debug|Any CPU = Debug|Any CPU
		Release|Any CPU = Release|Any CPU
	EndGlobalSection
	GlobalSection(ProjectConfigurationPlatforms) = postSolution
		{9132AFFA-B972-42FD-8648-653FA28933DD}.Debug|Any CPU.ActiveCfg = Debug|Any CPU
		{9132AFFA-B972-42FD-8648-653FA28933DD}.Debug|Any CPU.Build.0 = Debug|Any CPU
		{9132AFFA-B972-42FD-8648-653FA28933DD}.Release|Any CPU.ActiveCfg = Release|Any CPU
		{9132AFFA-B972-42FD-8648-653FA28933DD}.Release|Any CPU.Build.0 = Release|Any CPU
		{B957E5CD-390F-4A3F-BB6F-60985FA2E48B}.Debug|Any CPU.ActiveCfg = Debug|Any CPU
		{B957E5CD-390F-4A3F-BB6F-60985FA2E48B}.Debug|Any CPU.Build.0 = Debug|Any CPU
		{B957E5CD-390F-4A3F-BB6F-60985FA2E48B}.Release|Any CPU.ActiveCfg = Release|Any CPU
		{B957E5CD-390F-4A3F-BB6F-60985FA2E48B}.Release|Any CPU.Build.0 = Release|Any CPU
	EndGlobalSection
	GlobalSection(SolutionProperties) = preSolution
		HideSolutionNode = FALSE
	EndGlobalSection
	GlobalSection(ExtensibilityGlobals) = postSolution
		SolutionGuid = {8BE6F663-E3CB-405A-9374-2F9952D55E10}
	EndGlobalSection
EndGlobal
